
Microsoft Visual Studio Solution File, Format Version 12.00
# Visual Studio Version 17
VisualStudioVersion = 17.7.34221.43
MinimumVisualStudioVersion = 10.0.40219.1
Project("{FAE04EC0-301F-11D3-BF4B-00C04F79EFBC}") = "WebApplication2", "WebApplication2\WebApplication2.csproj", "{438D1350-CAD6-4071-9935-87C9D0E8E29C}"
EndProject
Global
	GlobalSection(SolutionConfigurationPlatforms) = preSolution
		Debug|Any CPU = Debug|Any CPU
		Release|Any CPU = Release|Any CPU
	EndGlobalSection
	GlobalSection(ProjectConfigurationPlatforms) = postSolution
		{438D1350-CAD6-4071-9935-87C9D0E8E29C}.Debug|Any CPU.ActiveCfg = Debug|Any CPU
		{438D1350-CAD6-4071-9935-87C9D0E8E29C}.Debug|Any CPU.Build.0 = Debug|Any CPU
		{438D1350-CAD6-4071-9935-87C9D0E8E29C}.Release|Any CPU.ActiveCfg = Release|Any CPU
		{438D1350-CAD6-4071-9935-87C9D0E8E29C}.Release|Any CPU.Build.0 = Release|Any CPU
	EndGlobalSection
	GlobalSection(SolutionProperties) = preSolution
		HideSolutionNode = FALSE
	EndGlobalSection
	GlobalSection(ExtensibilityGlobals) = postSolution
		SolutionGuid = {941CFC20-2B98-4CD9-8070-751CCA6A9AAC}
	EndGlobalSection
EndGlobal
